{
  "version": 4,
  "terraform_version": "1.5.2",
  "serial": 141,
  "lineage": "fe997334-2ef7-334e-5beb-59603ca68c28",
  "outputs": {
    "private-ip": {
      "value": [
        "10.0.1.5",
        "10.0.1.4"
      ],
      "type": [
        "tuple",
        [
          "string",
          "string"
        ]
      ]
    },
    "public-ip": {
      "value": [
        "20.108.163.154",
        "20.108.163.64"
      ],
      "type": [
        "tuple",
        [
          "string",
          "string"
        ]
      ]
    }
  },
  "resources": [
    {
      "mode": "managed",
      "type": "azurerm_resource_group",
      "name": "p-rg",
      "provider": "provider[\"registry.terraform.io/hashicorp/azurerm\"]",
      "instances": [
        {
          "schema_version": 0,
          "attributes": {
            "id": "/subscriptions/ee6a73ce-e1e7-41c3-858f-392035cca7a8/resourceGroups/peeee",
            "location": "uksouth",
            "name": "peeee",
            "tags": {},
            "timeouts": null
          },
          "sensitive_attributes": [],
          "private": "eyJlMmJmYjczMC1lY2FhLTExZTYtOGY4OC0zNDM2M2JjN2M0YzAiOnsiY3JlYXRlIjo1NDAwMDAwMDAwMDAwLCJkZWxldGUiOjU0MDAwMDAwMDAwMDAsInJlYWQiOjMwMDAwMDAwMDAwMCwidXBkYXRlIjo1NDAwMDAwMDAwMDAwfX0="
        }
      ]
    },
    {
      "module": "module.load-balancer[0]",
      "mode": "managed",
      "type": "azurerm_lb_backend_address_pool",
      "name": "bap",
      "provider": "provider[\"registry.terraform.io/hashicorp/azurerm\"]",
      "instances": []
    },
    {
      "module": "module.load-balancer[0]",
      "mode": "managed",
      "type": "azurerm_public_ip",
      "name": "pip",
      "provider": "provider[\"registry.terraform.io/hashicorp/azurerm\"]",
      "instances": [
        {
          "schema_version": 0,
          "attributes": {
            "allocation_method": "Dynamic",
            "ddos_protection_mode": "VirtualNetworkInherited",
            "ddos_protection_plan_id": null,
            "domain_name_label": null,
            "edge_zone": "",
            "fqdn": null,
            "id": "/subscriptions/ee6a73ce-e1e7-41c3-858f-392035cca7a8/resourceGroups/peeee/providers/Microsoft.Network/publicIPAddresses/PublicIPForLB",
            "idle_timeout_in_minutes": 4,
            "ip_address": "",
            "ip_tags": null,
            "ip_version": "IPv4",
            "location": "uksouth",
            "name": "PublicIPForLB",
            "public_ip_prefix_id": null,
            "resource_group_name": "peeee",
            "reverse_fqdn": null,
            "sku": "Basic",
            "sku_tier": "Regional",
            "tags": null,
            "timeouts": null,
            "zones": null
          },
          "sensitive_attributes": [],
          "private": "eyJlMmJmYjczMC1lY2FhLTExZTYtOGY4OC0zNDM2M2JjN2M0YzAiOnsiY3JlYXRlIjoxODAwMDAwMDAwMDAwLCJkZWxldGUiOjE4MDAwMDAwMDAwMDAsInJlYWQiOjMwMDAwMDAwMDAwMCwidXBkYXRlIjoxODAwMDAwMDAwMDAwfX0=",
          "dependencies": [
            "azurerm_resource_group.p-rg"
          ]
        }
      ]
    },
    {
      "module": "module.load-balancer[1]",
      "mode": "managed",
      "type": "azurerm_lb",
      "name": "alb",
      "provider": "provider[\"registry.terraform.io/hashicorp/azurerm\"]",
      "instances": [
        {
          "schema_version": 0,
          "attributes": {
            "edge_zone": "",
            "frontend_ip_configuration": [
              {
                "gateway_load_balancer_frontend_ip_configuration_id": "",
                "id": "/subscriptions/ee6a73ce-e1e7-41c3-858f-392035cca7a8/resourceGroups/peeee/providers/Microsoft.Network/loadBalancers/p-alb/frontendIPConfigurations/PublicIPAddress",
                "inbound_nat_rules": [],
                "load_balancer_rules": [],
                "name": "PublicIPAddress",
                "outbound_rules": [],
                "private_ip_address": "",
                "private_ip_address_allocation": "Dynamic",
                "private_ip_address_version": "",
                "public_ip_address_id": "/subscriptions/ee6a73ce-e1e7-41c3-858f-392035cca7a8/resourceGroups/peeee/providers/Microsoft.Network/publicIPAddresses/PublicIPForLB",
                "public_ip_prefix_id": "",
                "subnet_id": "",
                "zones": null
              }
            ],
            "id": "/subscriptions/ee6a73ce-e1e7-41c3-858f-392035cca7a8/resourceGroups/peeee/providers/Microsoft.Network/loadBalancers/p-alb",
            "location": "uksouth",
            "name": "p-alb",
            "private_ip_address": "",
            "private_ip_addresses": [],
            "resource_group_name": "peeee",
            "sku": "Basic",
            "sku_tier": "Regional",
            "tags": null,
            "timeouts": null
          },
          "sensitive_attributes": [],
          "private": "eyJlMmJmYjczMC1lY2FhLTExZTYtOGY4OC0zNDM2M2JjN2M0YzAiOnsiY3JlYXRlIjoxODAwMDAwMDAwMDAwLCJkZWxldGUiOjE4MDAwMDAwMDAwMDAsInJlYWQiOjMwMDAwMDAwMDAwMCwidXBkYXRlIjoxODAwMDAwMDAwMDAwfX0=",
          "dependencies": [
            "azurerm_resource_group.p-rg",
            "module.load-balancer.azurerm_public_ip.pip"
          ]
        }
      ]
    },
    {
      "module": "module.load-balancer[1]",
      "mode": "managed",
      "type": "azurerm_lb_backend_address_pool",
      "name": "bap",
      "provider": "provider[\"registry.terraform.io/hashicorp/azurerm\"]",
      "instances": [
        {
          "schema_version": 0,
          "attributes": {
            "backend_ip_configurations": [],
            "id": "/subscriptions/ee6a73ce-e1e7-41c3-858f-392035cca7a8/resourceGroups/peeee/providers/Microsoft.Network/loadBalancers/p-alb/backendAddressPools/BackEndAddressPool",
            "inbound_nat_rules": [],
            "load_balancing_rules": [],
            "loadbalancer_id": "/subscriptions/ee6a73ce-e1e7-41c3-858f-392035cca7a8/resourceGroups/peeee/providers/Microsoft.Network/loadBalancers/p-alb",
            "name": "BackEndAddressPool",
            "outbound_rules": [],
            "timeouts": null,
            "tunnel_interface": [],
            "virtual_network_id": ""
          },
          "sensitive_attributes": [],
          "private": "eyJlMmJmYjczMC1lY2FhLTExZTYtOGY4OC0zNDM2M2JjN2M0YzAiOnsiY3JlYXRlIjoxODAwMDAwMDAwMDAwLCJkZWxldGUiOjE4MDAwMDAwMDAwMDAsInJlYWQiOjMwMDAwMDAwMDAwMCwidXBkYXRlIjoxODAwMDAwMDAwMDAwfX0=",
          "dependencies": [
            "azurerm_resource_group.p-rg",
            "module.load-balancer.azurerm_lb.alb",
            "module.load-balancer.azurerm_public_ip.pip"
          ]
        }
      ]
    },
    {
      "module": "module.load-balancer[1]",
      "mode": "managed",
      "type": "azurerm_lb_probe",
      "name": "alb-probe",
      "provider": "provider[\"registry.terraform.io/hashicorp/azurerm\"]",
      "instances": [
        {
          "schema_version": 0,
          "attributes": {
            "id": "/subscriptions/ee6a73ce-e1e7-41c3-858f-392035cca7a8/resourceGroups/peeee/providers/Microsoft.Network/loadBalancers/p-alb/probes/Http-running-probe",
            "interval_in_seconds": 15,
            "load_balancer_rules": [],
            "loadbalancer_id": "/subscriptions/ee6a73ce-e1e7-41c3-858f-392035cca7a8/resourceGroups/peeee/providers/Microsoft.Network/loadBalancers/p-alb",
            "name": "Http-running-probe",
            "number_of_probes": 2,
            "port": 80,
            "probe_threshold": 1,
            "protocol": "Tcp",
            "request_path": "",
            "timeouts": null
          },
          "sensitive_attributes": [],
          "private": "eyJlMmJmYjczMC1lY2FhLTExZTYtOGY4OC0zNDM2M2JjN2M0YzAiOnsiY3JlYXRlIjoxODAwMDAwMDAwMDAwLCJkZWxldGUiOjE4MDAwMDAwMDAwMDAsInJlYWQiOjMwMDAwMDAwMDAwMCwidXBkYXRlIjoxODAwMDAwMDAwMDAwfX0=",
          "dependencies": [
            "azurerm_resource_group.p-rg",
            "module.load-balancer.azurerm_lb.alb",
            "module.load-balancer.azurerm_public_ip.pip"
          ]
        }
      ]
    },
    {
      "module": "module.load-balancer[1]",
      "mode": "managed",
      "type": "azurerm_public_ip",
      "name": "pip",
      "provider": "provider[\"registry.terraform.io/hashicorp/azurerm\"]",
      "instances": [
        {
          "schema_version": 0,
          "attributes": {
            "allocation_method": "Dynamic",
            "ddos_protection_mode": "VirtualNetworkInherited",
            "ddos_protection_plan_id": null,
            "domain_name_label": null,
            "edge_zone": "",
            "fqdn": null,
            "id": "/subscriptions/ee6a73ce-e1e7-41c3-858f-392035cca7a8/resourceGroups/peeee/providers/Microsoft.Network/publicIPAddresses/PublicIPForLB",
            "idle_timeout_in_minutes": 4,
            "ip_address": "",
            "ip_tags": null,
            "ip_version": "IPv4",
            "location": "uksouth",
            "name": "PublicIPForLB",
            "public_ip_prefix_id": null,
            "resource_group_name": "peeee",
            "reverse_fqdn": null,
            "sku": "Basic",
            "sku_tier": "Regional",
            "tags": null,
            "timeouts": null,
            "zones": null
          },
          "sensitive_attributes": [],
          "private": "eyJlMmJmYjczMC1lY2FhLTExZTYtOGY4OC0zNDM2M2JjN2M0YzAiOnsiY3JlYXRlIjoxODAwMDAwMDAwMDAwLCJkZWxldGUiOjE4MDAwMDAwMDAwMDAsInJlYWQiOjMwMDAwMDAwMDAwMCwidXBkYXRlIjoxODAwMDAwMDAwMDAwfX0=",
          "dependencies": [
            "azurerm_resource_group.p-rg"
          ]
        }
      ]
    },
    {
      "module": "module.sec-group",
      "mode": "managed",
      "type": "azurerm_network_security_group",
      "name": "pnsg",
      "provider": "provider[\"registry.terraform.io/hashicorp/azurerm\"]",
      "instances": [
        {
          "schema_version": 0,
          "attributes": {
            "id": "/subscriptions/ee6a73ce-e1e7-41c3-858f-392035cca7a8/resourceGroups/peeee/providers/Microsoft.Network/networkSecurityGroups/pee-nsg",
            "location": "uksouth",
            "name": "pee-nsg",
            "resource_group_name": "peeee",
            "security_rule": [],
            "tags": null,
            "timeouts": null
          },
          "sensitive_attributes": [],
          "private": "eyJlMmJmYjczMC1lY2FhLTExZTYtOGY4OC0zNDM2M2JjN2M0YzAiOnsiY3JlYXRlIjoxODAwMDAwMDAwMDAwLCJkZWxldGUiOjE4MDAwMDAwMDAwMDAsInJlYWQiOjMwMDAwMDAwMDAwMCwidXBkYXRlIjoxODAwMDAwMDAwMDAwfX0=",
          "dependencies": [
            "azurerm_resource_group.p-rg"
          ]
        }
      ]
    },
    {
      "module": "module.sec-group",
      "mode": "managed",
      "type": "azurerm_network_security_rule",
      "name": "example",
      "provider": "provider[\"registry.terraform.io/hashicorp/azurerm\"]",
      "instances": [
        {
          "index_key": "rule1",
          "schema_version": 0,
          "attributes": {
            "access": "Allow",
            "description": "",
            "destination_address_prefix": "*",
            "destination_address_prefixes": null,
            "destination_application_security_group_ids": null,
            "destination_port_range": "80",
            "destination_port_ranges": null,
            "direction": "Inbound",
            "id": "/subscriptions/ee6a73ce-e1e7-41c3-858f-392035cca7a8/resourceGroups/peeee/providers/Microsoft.Network/networkSecurityGroups/pee-nsg/securityRules/rule1",
            "name": "rule1",
            "network_security_group_name": "pee-nsg",
            "priority": 100,
            "protocol": "Tcp",
            "resource_group_name": "peeee",
            "source_address_prefix": "*",
            "source_address_prefixes": null,
            "source_application_security_group_ids": null,
            "source_port_range": "*",
            "source_port_ranges": null,
            "timeouts": null
          },
          "sensitive_attributes": [],
          "private": "eyJlMmJmYjczMC1lY2FhLTExZTYtOGY4OC0zNDM2M2JjN2M0YzAiOnsiY3JlYXRlIjoxODAwMDAwMDAwMDAwLCJkZWxldGUiOjE4MDAwMDAwMDAwMDAsInJlYWQiOjMwMDAwMDAwMDAwMCwidXBkYXRlIjoxODAwMDAwMDAwMDAwfX0=",
          "dependencies": [
            "azurerm_resource_group.p-rg",
            "module.sec-group.azurerm_network_security_group.pnsg"
          ]
        },
        {
          "index_key": "rule2",
          "schema_version": 0,
          "attributes": {
            "access": "Allow",
            "description": "",
            "destination_address_prefix": "*",
            "destination_address_prefixes": null,
            "destination_application_security_group_ids": null,
            "destination_port_range": "22",
            "destination_port_ranges": null,
            "direction": "Inbound",
            "id": "/subscriptions/ee6a73ce-e1e7-41c3-858f-392035cca7a8/resourceGroups/peeee/providers/Microsoft.Network/networkSecurityGroups/pee-nsg/securityRules/rule2",
            "name": "rule2",
            "network_security_group_name": "pee-nsg",
            "priority": 200,
            "protocol": "Tcp",
            "resource_group_name": "peeee",
            "source_address_prefix": "*",
            "source_address_prefixes": null,
            "source_application_security_group_ids": null,
            "source_port_range": "*",
            "source_port_ranges": null,
            "timeouts": null
          },
          "sensitive_attributes": [],
          "private": "eyJlMmJmYjczMC1lY2FhLTExZTYtOGY4OC0zNDM2M2JjN2M0YzAiOnsiY3JlYXRlIjoxODAwMDAwMDAwMDAwLCJkZWxldGUiOjE4MDAwMDAwMDAwMDAsInJlYWQiOjMwMDAwMDAwMDAwMCwidXBkYXRlIjoxODAwMDAwMDAwMDAwfX0=",
          "dependencies": [
            "azurerm_resource_group.p-rg",
            "module.sec-group.azurerm_network_security_group.pnsg"
          ]
        }
      ]
    },
    {
      "module": "module.sec-group",
      "mode": "managed",
      "type": "azurerm_subnet_network_security_group_association",
      "name": "pnsga",
      "provider": "provider[\"registry.terraform.io/hashicorp/azurerm\"]",
      "instances": [
        {
          "schema_version": 0,
          "attributes": {
            "id": "/subscriptions/ee6a73ce-e1e7-41c3-858f-392035cca7a8/resourceGroups/peeee/providers/Microsoft.Network/virtualNetworks/vn/subnets/sn",
            "network_security_group_id": "/subscriptions/ee6a73ce-e1e7-41c3-858f-392035cca7a8/resourceGroups/peeee/providers/Microsoft.Network/networkSecurityGroups/pee-nsg",
            "subnet_id": "/subscriptions/ee6a73ce-e1e7-41c3-858f-392035cca7a8/resourceGroups/peeee/providers/Microsoft.Network/virtualNetworks/vn/subnets/sn",
            "timeouts": null
          },
          "sensitive_attributes": [],
          "private": "eyJlMmJmYjczMC1lY2FhLTExZTYtOGY4OC0zNDM2M2JjN2M0YzAiOnsiY3JlYXRlIjoxODAwMDAwMDAwMDAwLCJkZWxldGUiOjE4MDAwMDAwMDAwMDAsInJlYWQiOjMwMDAwMDAwMDAwMCwidXBkYXRlIjoxODAwMDAwMDAwMDAwfX0=",
          "dependencies": [
            "azurerm_resource_group.p-rg",
            "module.sec-group.azurerm_network_security_group.pnsg",
            "module.vnet.azurerm_subnet.p-sn",
            "module.vnet.azurerm_virtual_network.v-net"
          ]
        }
      ]
    },
    {
      "module": "module.vm[0]",
      "mode": "managed",
      "type": "azurerm_availability_set",
      "name": "aset",
      "provider": "provider[\"registry.terraform.io/hashicorp/azurerm\"]",
      "instances": [
        {
          "schema_version": 0,
          "attributes": {
            "id": "/subscriptions/ee6a73ce-e1e7-41c3-858f-392035cca7a8/resourceGroups/peeee/providers/Microsoft.Compute/availabilitySets/aset",
            "location": "uksouth",
            "managed": true,
            "name": "aset",
            "platform_fault_domain_count": 2,
            "platform_update_domain_count": 5,
            "proximity_placement_group_id": null,
            "resource_group_name": "peeee",
            "tags": null,
            "timeouts": null
          },
          "sensitive_attributes": [],
          "private": "eyJlMmJmYjczMC1lY2FhLTExZTYtOGY4OC0zNDM2M2JjN2M0YzAiOnsiY3JlYXRlIjoxODAwMDAwMDAwMDAwLCJkZWxldGUiOjE4MDAwMDAwMDAwMDAsInJlYWQiOjMwMDAwMDAwMDAwMCwidXBkYXRlIjoxODAwMDAwMDAwMDAwfX0=",
          "dependencies": [
            "azurerm_resource_group.p-rg"
          ]
        }
      ]
    },
    {
      "module": "module.vm[0]",
      "mode": "managed",
      "type": "azurerm_linux_virtual_machine",
      "name": "vm",
      "provider": "provider[\"registry.terraform.io/hashicorp/azurerm\"]",
      "instances": [
        {
          "schema_version": 0,
          "attributes": {
            "additional_capabilities": [],
            "admin_password": null,
            "admin_ssh_key": [
              {
                "public_key": "ssh-rsa AAAAB3NzaC1yc2EAAAADAQABAAABgQDWr7Z6GPPP89yf7DCTv0zJtWjt7eVpqKcTqP/odx4Y8kT9VEEqHlnxa+0TZPk8gXQxbvtlmIZgSrUQgiszQM3zrxrToTB1E4NItPVzIypDivT+joZSAmjRokcHXg/RoPAyDnKPc8bW5ZNqPx1Ux9S9SKGwz7qFWZ7WK0/+rA76Q0lDYHxwocC0NSmxqU72bQwPf2CwE3R4yyIPKq+YWP7fuD6p3SrKAz+n5H+D0mQH5v8b0b/BByQ8ej6lCqGavHkxyhNg49n5QvQwhSTeRo/g3Bo7r8lm6PxcqmyN3M9mYxeZh/oyaNqXLoF6WNbbHVV3FeJ5r8qFiLPZ+b5g4V0BLf01p7LGFvP3XK0EAF5WZtYDsJsQvzn7yMn1HO7WLj+UiorvcaJ+j2oetr/pp8B1p9SUiL5xixL71Pgm7lc4gDSr18xVGqKYLrZFUK8GXZN1P65ZG/P7Twn9uOfQZUsg+k26PRhleO6775YuJhJ3z2MPCur2TGxeizp1VKsiM5U= p@Precision-5520\n",
                "username": "puser"
              }
            ],
            "admin_username": "puser",
            "allow_extension_operations": true,
            "availability_set_id": "/subscriptions/ee6a73ce-e1e7-41c3-858f-392035cca7a8/resourceGroups/peeee/providers/Microsoft.Compute/availabilitySets/ASET",
            "boot_diagnostics": [],
            "capacity_reservation_group_id": "",
            "computer_name": "vm-1",
            "custom_data": null,
            "dedicated_host_group_id": "",
            "dedicated_host_id": "",
            "disable_password_authentication": true,
            "edge_zone": "",
            "encryption_at_host_enabled": false,
            "eviction_policy": "",
            "extensions_time_budget": "PT1H30M",
            "gallery_application": [],
            "id": "/subscriptions/ee6a73ce-e1e7-41c3-858f-392035cca7a8/resourceGroups/peeee/providers/Microsoft.Compute/virtualMachines/vm-1",
            "identity": [],
            "license_type": "",
            "location": "uksouth",
            "max_bid_price": -1,
            "name": "vm-1",
            "network_interface_ids": [
              "/subscriptions/ee6a73ce-e1e7-41c3-858f-392035cca7a8/resourceGroups/peeee/providers/Microsoft.Network/networkInterfaces/nic-1"
            ],
            "os_disk": [
              {
                "caching": "ReadWrite",
                "diff_disk_settings": [],
                "disk_encryption_set_id": "",
                "disk_size_gb": 30,
                "name": "vm-1_OsDisk_1_e8f58d6c80d247318693a79196fa1a72",
                "secure_vm_disk_encryption_set_id": "",
                "security_encryption_type": "",
                "storage_account_type": "Standard_LRS",
                "write_accelerator_enabled": false
              }
            ],
            "patch_assessment_mode": "ImageDefault",
            "patch_mode": "ImageDefault",
            "plan": [],
            "platform_fault_domain": -1,
            "priority": "Regular",
            "private_ip_address": "10.0.1.5",
            "private_ip_addresses": [
              "10.0.1.5"
            ],
            "provision_vm_agent": true,
            "proximity_placement_group_id": "",
            "public_ip_address": "20.108.163.154",
            "public_ip_addresses": [
              "20.108.163.154"
            ],
            "resource_group_name": "peeee",
            "secret": [],
            "secure_boot_enabled": false,
            "size": "Standard_F2",
            "source_image_id": "",
            "source_image_reference": [
              {
                "offer": "0001-com-ubuntu-server-focal",
                "publisher": "Canonical",
                "sku": "20_04-lts",
                "version": "latest"
              }
            ],
            "tags": null,
            "termination_notification": null,
            "timeouts": null,
            "user_data": "",
            "virtual_machine_id": "e08f4750-52e5-4c40-bbc8-6865de0fcfd3",
            "virtual_machine_scale_set_id": "",
            "vtpm_enabled": false,
            "zone": ""
          },
          "sensitive_attributes": [],
          "private": "eyJlMmJmYjczMC1lY2FhLTExZTYtOGY4OC0zNDM2M2JjN2M0YzAiOnsiY3JlYXRlIjoyNzAwMDAwMDAwMDAwLCJkZWxldGUiOjI3MDAwMDAwMDAwMDAsInJlYWQiOjMwMDAwMDAwMDAwMCwidXBkYXRlIjoyNzAwMDAwMDAwMDAwfX0=",
          "dependencies": [
            "azurerm_resource_group.p-rg",
            "module.vm.azurerm_availability_set.aset",
            "module.vm.azurerm_network_interface.nic",
            "module.vm.azurerm_public_ip.ppip",
            "module.vnet.azurerm_subnet.p-sn",
            "module.vnet.azurerm_virtual_network.v-net"
          ]
        }
      ]
    },
    {
      "module": "module.vm[0]",
      "mode": "managed",
      "type": "azurerm_network_interface",
      "name": "nic",
      "provider": "provider[\"registry.terraform.io/hashicorp/azurerm\"]",
      "instances": [
        {
          "schema_version": 0,
          "attributes": {
            "applied_dns_servers": [],
            "dns_servers": [],
            "edge_zone": "",
            "enable_accelerated_networking": false,
            "enable_ip_forwarding": false,
            "id": "/subscriptions/ee6a73ce-e1e7-41c3-858f-392035cca7a8/resourceGroups/peeee/providers/Microsoft.Network/networkInterfaces/nic-1",
            "internal_dns_name_label": "",
            "internal_domain_name_suffix": "tnsvycvyrgzute32kaqkma1doe.zx.internal.cloudapp.net",
            "ip_configuration": [
              {
                "gateway_load_balancer_frontend_ip_configuration_id": "",
                "name": "ip-1",
                "primary": true,
                "private_ip_address": "10.0.1.5",
                "private_ip_address_allocation": "Dynamic",
                "private_ip_address_version": "IPv4",
                "public_ip_address_id": "/subscriptions/ee6a73ce-e1e7-41c3-858f-392035cca7a8/resourceGroups/peeee/providers/Microsoft.Network/publicIPAddresses/pip-1",
                "subnet_id": "/subscriptions/ee6a73ce-e1e7-41c3-858f-392035cca7a8/resourceGroups/peeee/providers/Microsoft.Network/virtualNetworks/vn/subnets/sn"
              }
            ],
            "location": "uksouth",
            "mac_address": "",
            "name": "nic-1",
            "private_ip_address": "10.0.1.5",
            "private_ip_addresses": [
              "10.0.1.5"
            ],
            "resource_group_name": "peeee",
            "tags": null,
            "timeouts": null,
            "virtual_machine_id": ""
          },
          "sensitive_attributes": [],
          "private": "eyJlMmJmYjczMC1lY2FhLTExZTYtOGY4OC0zNDM2M2JjN2M0YzAiOnsiY3JlYXRlIjoxODAwMDAwMDAwMDAwLCJkZWxldGUiOjE4MDAwMDAwMDAwMDAsInJlYWQiOjMwMDAwMDAwMDAwMCwidXBkYXRlIjoxODAwMDAwMDAwMDAwfX0=",
          "dependencies": [
            "azurerm_resource_group.p-rg",
            "module.vm.azurerm_public_ip.ppip",
            "module.vnet.azurerm_subnet.p-sn",
            "module.vnet.azurerm_virtual_network.v-net"
          ]
        }
      ]
    },
    {
      "module": "module.vm[0]",
      "mode": "managed",
      "type": "azurerm_public_ip",
      "name": "ppip",
      "provider": "provider[\"registry.terraform.io/hashicorp/azurerm\"]",
      "instances": [
        {
          "schema_version": 0,
          "attributes": {
            "allocation_method": "Dynamic",
            "ddos_protection_mode": "VirtualNetworkInherited",
            "ddos_protection_plan_id": null,
            "domain_name_label": null,
            "edge_zone": "",
            "fqdn": null,
            "id": "/subscriptions/ee6a73ce-e1e7-41c3-858f-392035cca7a8/resourceGroups/peeee/providers/Microsoft.Network/publicIPAddresses/pip-1",
            "idle_timeout_in_minutes": 30,
            "ip_address": "",
            "ip_tags": null,
            "ip_version": "IPv4",
            "location": "uksouth",
            "name": "pip-1",
            "public_ip_prefix_id": null,
            "resource_group_name": "peeee",
            "reverse_fqdn": null,
            "sku": "Basic",
            "sku_tier": "Regional",
            "tags": null,
            "timeouts": null,
            "zones": null
          },
          "sensitive_attributes": [],
          "private": "eyJlMmJmYjczMC1lY2FhLTExZTYtOGY4OC0zNDM2M2JjN2M0YzAiOnsiY3JlYXRlIjoxODAwMDAwMDAwMDAwLCJkZWxldGUiOjE4MDAwMDAwMDAwMDAsInJlYWQiOjMwMDAwMDAwMDAwMCwidXBkYXRlIjoxODAwMDAwMDAwMDAwfX0=",
          "dependencies": [
            "azurerm_resource_group.p-rg"
          ]
        }
      ]
    },
    {
      "module": "module.vm[1]",
      "mode": "managed",
      "type": "azurerm_availability_set",
      "name": "aset",
      "provider": "provider[\"registry.terraform.io/hashicorp/azurerm\"]",
      "instances": [
        {
          "schema_version": 0,
          "attributes": {
            "id": "/subscriptions/ee6a73ce-e1e7-41c3-858f-392035cca7a8/resourceGroups/peeee/providers/Microsoft.Compute/availabilitySets/aset",
            "location": "uksouth",
            "managed": true,
            "name": "aset",
            "platform_fault_domain_count": 2,
            "platform_update_domain_count": 5,
            "proximity_placement_group_id": null,
            "resource_group_name": "peeee",
            "tags": null,
            "timeouts": null
          },
          "sensitive_attributes": [],
          "private": "eyJlMmJmYjczMC1lY2FhLTExZTYtOGY4OC0zNDM2M2JjN2M0YzAiOnsiY3JlYXRlIjoxODAwMDAwMDAwMDAwLCJkZWxldGUiOjE4MDAwMDAwMDAwMDAsInJlYWQiOjMwMDAwMDAwMDAwMCwidXBkYXRlIjoxODAwMDAwMDAwMDAwfX0=",
          "dependencies": [
            "azurerm_resource_group.p-rg"
          ]
        }
      ]
    },
    {
      "module": "module.vm[1]",
      "mode": "managed",
      "type": "azurerm_linux_virtual_machine",
      "name": "vm",
      "provider": "provider[\"registry.terraform.io/hashicorp/azurerm\"]",
      "instances": [
        {
          "schema_version": 0,
          "attributes": {
            "additional_capabilities": [],
            "admin_password": null,
            "admin_ssh_key": [
              {
                "public_key": "ssh-rsa AAAAB3NzaC1yc2EAAAADAQABAAABgQDWr7Z6GPPP89yf7DCTv0zJtWjt7eVpqKcTqP/odx4Y8kT9VEEqHlnxa+0TZPk8gXQxbvtlmIZgSrUQgiszQM3zrxrToTB1E4NItPVzIypDivT+joZSAmjRokcHXg/RoPAyDnKPc8bW5ZNqPx1Ux9S9SKGwz7qFWZ7WK0/+rA76Q0lDYHxwocC0NSmxqU72bQwPf2CwE3R4yyIPKq+YWP7fuD6p3SrKAz+n5H+D0mQH5v8b0b/BByQ8ej6lCqGavHkxyhNg49n5QvQwhSTeRo/g3Bo7r8lm6PxcqmyN3M9mYxeZh/oyaNqXLoF6WNbbHVV3FeJ5r8qFiLPZ+b5g4V0BLf01p7LGFvP3XK0EAF5WZtYDsJsQvzn7yMn1HO7WLj+UiorvcaJ+j2oetr/pp8B1p9SUiL5xixL71Pgm7lc4gDSr18xVGqKYLrZFUK8GXZN1P65ZG/P7Twn9uOfQZUsg+k26PRhleO6775YuJhJ3z2MPCur2TGxeizp1VKsiM5U= p@Precision-5520\n",
                "username": "puser"
              }
            ],
            "admin_username": "puser",
            "allow_extension_operations": true,
            "availability_set_id": "/subscriptions/ee6a73ce-e1e7-41c3-858f-392035cca7a8/resourceGroups/peeee/providers/Microsoft.Compute/availabilitySets/ASET",
            "boot_diagnostics": [],
            "capacity_reservation_group_id": "",
            "computer_name": "vm-2",
            "custom_data": null,
            "dedicated_host_group_id": "",
            "dedicated_host_id": "",
            "disable_password_authentication": true,
            "edge_zone": "",
            "encryption_at_host_enabled": false,
            "eviction_policy": "",
            "extensions_time_budget": "PT1H30M",
            "gallery_application": [],
            "id": "/subscriptions/ee6a73ce-e1e7-41c3-858f-392035cca7a8/resourceGroups/peeee/providers/Microsoft.Compute/virtualMachines/vm-2",
            "identity": [],
            "license_type": "",
            "location": "uksouth",
            "max_bid_price": -1,
            "name": "vm-2",
            "network_interface_ids": [
              "/subscriptions/ee6a73ce-e1e7-41c3-858f-392035cca7a8/resourceGroups/peeee/providers/Microsoft.Network/networkInterfaces/nic-2"
            ],
            "os_disk": [
              {
                "caching": "ReadWrite",
                "diff_disk_settings": [],
                "disk_encryption_set_id": "",
                "disk_size_gb": 30,
                "name": "vm-2_OsDisk_1_021f05b502974976bb0b6e5ad3802e09",
                "secure_vm_disk_encryption_set_id": "",
                "security_encryption_type": "",
                "storage_account_type": "Standard_LRS",
                "write_accelerator_enabled": false
              }
            ],
            "patch_assessment_mode": "ImageDefault",
            "patch_mode": "ImageDefault",
            "plan": [],
            "platform_fault_domain": -1,
            "priority": "Regular",
            "private_ip_address": "10.0.1.4",
            "private_ip_addresses": [
              "10.0.1.4"
            ],
            "provision_vm_agent": true,
            "proximity_placement_group_id": "",
            "public_ip_address": "20.108.163.64",
            "public_ip_addresses": [
              "20.108.163.64"
            ],
            "resource_group_name": "peeee",
            "secret": [],
            "secure_boot_enabled": false,
            "size": "Standard_F2",
            "source_image_id": "",
            "source_image_reference": [
              {
                "offer": "0001-com-ubuntu-server-focal",
                "publisher": "Canonical",
                "sku": "20_04-lts",
                "version": "latest"
              }
            ],
            "tags": null,
            "termination_notification": null,
            "timeouts": null,
            "user_data": "",
            "virtual_machine_id": "e8e8922f-c6c5-4d72-a290-1718a58562fa",
            "virtual_machine_scale_set_id": "",
            "vtpm_enabled": false,
            "zone": ""
          },
          "sensitive_attributes": [],
          "private": "eyJlMmJmYjczMC1lY2FhLTExZTYtOGY4OC0zNDM2M2JjN2M0YzAiOnsiY3JlYXRlIjoyNzAwMDAwMDAwMDAwLCJkZWxldGUiOjI3MDAwMDAwMDAwMDAsInJlYWQiOjMwMDAwMDAwMDAwMCwidXBkYXRlIjoyNzAwMDAwMDAwMDAwfX0=",
          "dependencies": [
            "azurerm_resource_group.p-rg",
            "module.vm.azurerm_availability_set.aset",
            "module.vm.azurerm_network_interface.nic",
            "module.vm.azurerm_public_ip.ppip",
            "module.vnet.azurerm_subnet.p-sn",
            "module.vnet.azurerm_virtual_network.v-net"
          ]
        }
      ]
    },
    {
      "module": "module.vm[1]",
      "mode": "managed",
      "type": "azurerm_network_interface",
      "name": "nic",
      "provider": "provider[\"registry.terraform.io/hashicorp/azurerm\"]",
      "instances": [
        {
          "schema_version": 0,
          "attributes": {
            "applied_dns_servers": [],
            "dns_servers": [],
            "edge_zone": "",
            "enable_accelerated_networking": false,
            "enable_ip_forwarding": false,
            "id": "/subscriptions/ee6a73ce-e1e7-41c3-858f-392035cca7a8/resourceGroups/peeee/providers/Microsoft.Network/networkInterfaces/nic-2",
            "internal_dns_name_label": "",
            "internal_domain_name_suffix": "tnsvycvyrgzute32kaqkma1doe.zx.internal.cloudapp.net",
            "ip_configuration": [
              {
                "gateway_load_balancer_frontend_ip_configuration_id": "",
                "name": "ip-2",
                "primary": true,
                "private_ip_address": "10.0.1.4",
                "private_ip_address_allocation": "Dynamic",
                "private_ip_address_version": "IPv4",
                "public_ip_address_id": "/subscriptions/ee6a73ce-e1e7-41c3-858f-392035cca7a8/resourceGroups/peeee/providers/Microsoft.Network/publicIPAddresses/pip-2",
                "subnet_id": "/subscriptions/ee6a73ce-e1e7-41c3-858f-392035cca7a8/resourceGroups/peeee/providers/Microsoft.Network/virtualNetworks/vn/subnets/sn"
              }
            ],
            "location": "uksouth",
            "mac_address": "",
            "name": "nic-2",
            "private_ip_address": "10.0.1.4",
            "private_ip_addresses": [
              "10.0.1.4"
            ],
            "resource_group_name": "peeee",
            "tags": null,
            "timeouts": null,
            "virtual_machine_id": ""
          },
          "sensitive_attributes": [],
          "private": "eyJlMmJmYjczMC1lY2FhLTExZTYtOGY4OC0zNDM2M2JjN2M0YzAiOnsiY3JlYXRlIjoxODAwMDAwMDAwMDAwLCJkZWxldGUiOjE4MDAwMDAwMDAwMDAsInJlYWQiOjMwMDAwMDAwMDAwMCwidXBkYXRlIjoxODAwMDAwMDAwMDAwfX0=",
          "dependencies": [
            "azurerm_resource_group.p-rg",
            "module.vm.azurerm_public_ip.ppip",
            "module.vnet.azurerm_subnet.p-sn",
            "module.vnet.azurerm_virtual_network.v-net"
          ]
        }
      ]
    },
    {
      "module": "module.vm[1]",
      "mode": "managed",
      "type": "azurerm_public_ip",
      "name": "ppip",
      "provider": "provider[\"registry.terraform.io/hashicorp/azurerm\"]",
      "instances": [
        {
          "schema_version": 0,
          "attributes": {
            "allocation_method": "Dynamic",
            "ddos_protection_mode": "VirtualNetworkInherited",
            "ddos_protection_plan_id": null,
            "domain_name_label": null,
            "edge_zone": "",
            "fqdn": null,
            "id": "/subscriptions/ee6a73ce-e1e7-41c3-858f-392035cca7a8/resourceGroups/peeee/providers/Microsoft.Network/publicIPAddresses/pip-2",
            "idle_timeout_in_minutes": 30,
            "ip_address": "",
            "ip_tags": null,
            "ip_version": "IPv4",
            "location": "uksouth",
            "name": "pip-2",
            "public_ip_prefix_id": null,
            "resource_group_name": "peeee",
            "reverse_fqdn": null,
            "sku": "Basic",
            "sku_tier": "Regional",
            "tags": null,
            "timeouts": null,
            "zones": null
          },
          "sensitive_attributes": [],
          "private": "eyJlMmJmYjczMC1lY2FhLTExZTYtOGY4OC0zNDM2M2JjN2M0YzAiOnsiY3JlYXRlIjoxODAwMDAwMDAwMDAwLCJkZWxldGUiOjE4MDAwMDAwMDAwMDAsInJlYWQiOjMwMDAwMDAwMDAwMCwidXBkYXRlIjoxODAwMDAwMDAwMDAwfX0=",
          "dependencies": [
            "azurerm_resource_group.p-rg"
          ]
        }
      ]
    },
    {
      "module": "module.vnet",
      "mode": "managed",
      "type": "azurerm_subnet",
      "name": "p-sn",
      "provider": "provider[\"registry.terraform.io/hashicorp/azurerm\"]",
      "instances": [
        {
          "schema_version": 0,
          "attributes": {
            "address_prefixes": [
              "10.0.1.0/24"
            ],
            "delegation": [],
            "enforce_private_link_endpoint_network_policies": false,
            "enforce_private_link_service_network_policies": false,
            "id": "/subscriptions/ee6a73ce-e1e7-41c3-858f-392035cca7a8/resourceGroups/peeee/providers/Microsoft.Network/virtualNetworks/vn/subnets/sn",
            "name": "sn",
            "private_endpoint_network_policies_enabled": true,
            "private_link_service_network_policies_enabled": true,
            "resource_group_name": "peeee",
            "service_endpoint_policy_ids": null,
            "service_endpoints": null,
            "timeouts": null,
            "virtual_network_name": "vn"
          },
          "sensitive_attributes": [],
          "private": "eyJlMmJmYjczMC1lY2FhLTExZTYtOGY4OC0zNDM2M2JjN2M0YzAiOnsiY3JlYXRlIjoxODAwMDAwMDAwMDAwLCJkZWxldGUiOjE4MDAwMDAwMDAwMDAsInJlYWQiOjMwMDAwMDAwMDAwMCwidXBkYXRlIjoxODAwMDAwMDAwMDAwfX0=",
          "dependencies": [
            "azurerm_resource_group.p-rg",
            "module.vnet.azurerm_virtual_network.v-net"
          ]
        }
      ]
    },
    {
      "module": "module.vnet",
      "mode": "managed",
      "type": "azurerm_virtual_network",
      "name": "v-net",
      "provider": "provider[\"registry.terraform.io/hashicorp/azurerm\"]",
      "instances": [
        {
          "schema_version": 0,
          "attributes": {
            "address_space": [
              "10.0.0.0/16"
            ],
            "bgp_community": "",
            "ddos_protection_plan": [],
            "dns_servers": [],
            "edge_zone": "",
            "flow_timeout_in_minutes": 0,
            "guid": "0a5c659b-89b8-49b3-93bc-5020a6036374",
            "id": "/subscriptions/ee6a73ce-e1e7-41c3-858f-392035cca7a8/resourceGroups/peeee/providers/Microsoft.Network/virtualNetworks/vn",
            "location": "uksouth",
            "name": "vn",
            "resource_group_name": "peeee",
            "subnet": [],
            "tags": null,
            "timeouts": null
          },
          "sensitive_attributes": [],
          "private": "eyJlMmJmYjczMC1lY2FhLTExZTYtOGY4OC0zNDM2M2JjN2M0YzAiOnsiY3JlYXRlIjoxODAwMDAwMDAwMDAwLCJkZWxldGUiOjE4MDAwMDAwMDAwMDAsInJlYWQiOjMwMDAwMDAwMDAwMCwidXBkYXRlIjoxODAwMDAwMDAwMDAwfX0=",
          "dependencies": [
            "azurerm_resource_group.p-rg"
          ]
        }
      ]
    }
  ],
  "check_results": null
}
